// !$*UTF8*$!
{
	archiveVersion = 1;
	classes = {
	};
	objectVersion = 50;
	objects = {

/* Begin PBXBuildFile section */
		BC7CBAC8254D369E00BDA9B2 /* AppDelegate.m in Sources */ = {isa = PBXBuildFile; fileRef = BC7CBAC7254D369E00BDA9B2 /* AppDelegate.m */; };
		BC7CBACB254D369E00BDA9B2 /* SceneDelegate.m in Sources */ = {isa = PBXBuildFile; fileRef = BC7CBACA254D369E00BDA9B2 /* SceneDelegate.m */; };
		BC7CBACE254D369E00BDA9B2 /* ViewController.m in Sources */ = {isa = PBXBuildFile; fileRef = BC7CBACD254D369E00BDA9B2 /* ViewController.m */; };
		BC7CBAD1254D369E00BDA9B2 /* Main.storyboard in Resources */ = {isa = PBXBuildFile; fileRef = BC7CBACF254D369E00BDA9B2 /* Main.storyboard */; };
		BC7CBAD3254D369F00BDA9B2 /* Assets.xcassets in Resources */ = {isa = PBXBuildFile; fileRef = BC7CBAD2254D369F00BDA9B2 /* Assets.xcassets */; };
		BC7CBAD6254D369F00BDA9B2 /* LaunchScreen.storyboard in Resources */ = {isa = PBXBuildFile; fileRef = BC7CBAD4254D369F00BDA9B2 /* LaunchScreen.storyboard */; };
		BC7CBAD9254D369F00BDA9B2 /* main.m in Sources */ = {isa = PBXBuildFile; fileRef = BC7CBAD8254D369F00BDA9B2 /* main.m */; };
		BC7CBAE2254D36DA00BDA9B2 /* MJPersonModel.m in Sources */ = {isa = PBXBuildFile; fileRef = BC7CBAE1254D36DA00BDA9B2 /* MJPersonModel.m */; };
/* End PBXBuildFile section */

/* Begin PBXFileReference section */
		BC7CBAC3254D369E00BDA9B2 /* MJDemo.app */ = {isa = PBXFileReference; explicitFileType = wrapper.application; includeInIndex = 0; path = MJDemo.app; sourceTree = BUILT_PRODUCTS_DIR; };
		BC7CBAC6254D369E00BDA9B2 /* AppDelegate.h */ = {isa = PBXFileReference; lastKnownFileType = sourcecode.c.h; path = AppDelegate.h; sourceTree = "<group>"; };
		BC7CBAC7254D369E00BDA9B2 /* AppDelegate.m */ = {isa = PBXFileReference; lastKnownFileType = sourcecode.c.objc; path = AppDelegate.m; sourceTree = "<group>"; };
		BC7CBAC9254D369E00BDA9B2 /* SceneDelegate.h */ = {isa = PBXFileReference; lastKnownFileType = sourcecode.c.h; path = SceneDelegate.h; sourceTree = "<group>"; };
		BC7CBACA254D369E00BDA9B2 /* SceneDelegate.m */ = {isa = PBXFileReference; lastKnownFileType = sourcecode.c.objc; path = SceneDelegate.m; sourceTree = "<group>"; };
		BC7CBACC254D369E00BDA9B2 /* ViewController.h */ = {isa = PBXFileReference; lastKnownFileType = sourcecode.c.h; path = ViewController.h; sourceTree = "<group>"; };
		BC7CBACD254D369E00BDA9B2 /* ViewController.m */ = {isa = PBXFileReference; lastKnownFileType = sourcecode.c.objc; path = ViewController.m; sourceTree = "<group>"; };
		BC7CBAD0254D369E00BDA9B2 /* Base */ = {isa = PBXFileReference; lastKnownFileType = file.storyboard; name = Base; path = Base.lproj/Main.storyboard; sourceTree = "<group>"; };
		BC7CBAD2254D369F00BDA9B2 /* Assets.xcassets */ = {isa = PBXFileReference; lastKnownFileType = folder.assetcatalog; path = Assets.xcassets; sourceTree = "<group>"; };
		BC7CBAD5254D369F00BDA9B2 /* Base */ = {isa = PBXFileReference; lastKnownFileType = file.storyboard; name = Base; path = Base.lproj/LaunchScreen.storyboard; sourceTree = "<group>"; };
		BC7CBAD7254D369F00BDA9B2 /* Info.plist */ = {isa = PBXFileReference; lastKnownFileType = text.plist.xml; path = Info.plist; sourceTree = "<group>"; };
		BC7CBAD8254D369F00BDA9B2 /* main.m */ = {isa = PBXFileReference; lastKnownFileType = sourcecode.c.objc; path = main.m; sourceTree = "<group>"; };
		BC7CBAE0254D36DA00BDA9B2 /* MJPersonModel.h */ = {isa = PBXFileReference; lastKnownFileType = sourcecode.c.h; path = MJPersonModel.h; sourceTree = "<group>"; };
		BC7CBAE1254D36DA00BDA9B2 /* MJPersonModel.m */ = {isa = PBXFileReference; lastKnownFileType = sourcecode.c.objc; path = MJPersonModel.m; sourceTree = "<group>"; };
/* End PBXFileReference section */

/* Begin PBXFrameworksBuildPhase section */
		BC7CBAC0254D369E00BDA9B2 /* Frameworks */ = {
			isa = PBXFrameworksBuildPhase;
			buildActionMask = 2147483647;
			files = (
			);
			runOnlyForDeploymentPostprocessing = 0;
		};
/* End PBXFrameworksBuildPhase section */

/* Begin PBXGroup section */
		BC7CBABA254D369E00BDA9B2 = {
			isa = PBXGroup;
			children = (
				BC7CBADF254D36A500BDA9B2 /* testRepoMaJi */,
				BC7CBAC5254D369E00BDA9B2 /* MJDemo */,
				BC7CBAC4254D369E00BDA9B2 /* Products */,
			);
			sourceTree = "<group>";
		};
		BC7CBAC4254D369E00BDA9B2 /* Products */ = {
			isa = PBXGroup;
			children = (
				BC7CBAC3254D369E00BDA9B2 /* MJDemo.app */,
			);
			name = Products;
			sourceTree = "<group>";
		};
		BC7CBAC5254D369E00BDA9B2 /* MJDemo */ = {
			isa = PBXGroup;
			children = (
				BC7CBAC6254D369E00BDA9B2 /* AppDelegate.h */,
				BC7CBAC7254D369E00BDA9B2 /* AppDelegate.m */,
				BC7CBAC9254D369E00BDA9B2 /* SceneDelegate.h */,
				BC7CBACA254D369E00BDA9B2 /* SceneDelegate.m */,
				BC7CBACC254D369E00BDA9B2 /* ViewController.h */,
				BC7CBACD254D369E00BDA9B2 /* ViewController.m */,
				BC7CBACF254D369E00BDA9B2 /* Main.storyboard */,
				BC7CBAD2254D369F00BDA9B2 /* Assets.xcassets */,
				BC7CBAD4254D369F00BDA9B2 /* LaunchScreen.storyboard */,
				BC7CBAD7254D369F00BDA9B2 /* Info.plist */,
				BC7CBAD8254D369F00BDA9B2 /* main.m */,
			);
			path = MJDemo;
			sourceTree = "<group>";
		};
		BC7CBADF254D36A500BDA9B2 /* testRepoMaJi */ = {
			isa = PBXGroup;
			children = (
				BC7CBAE0254D36DA00BDA9B2 /* MJPersonModel.h */,
				BC7CBAE1254D36DA00BDA9B2 /* MJPersonModel.m */,
			);
			path = testRepoMaJi;
			sourceTree = "<group>";
		};
/* End PBXGroup section */

/* Begin PBXNativeTarget section */
		BC7CBAC2254D369E00BDA9B2 /* MJDemo */ = {
			isa = PBXNativeTarget;
			buildConfigurationList = BC7CBADC254D369F00BDA9B2 /* Build configuration list for PBXNativeTarget "MJDemo" */;
			buildPhases = (
				BC7CBABF254D369E00BDA9B2 /* Sources */,
				BC7CBAC0254D369E00BDA9B2 /* Frameworks */,
				BC7CBAC1254D369E00BDA9B2 /* Resources */,
			);
			buildRules = (
			);
			dependencies = (
			);
			name = MJDemo;
			productName = MJDemo;
			productReference = BC7CBAC3254D369E00BDA9B2 /* MJDemo.app */;
			productType = "com.apple.product-type.application";
		};
/* End PBXNativeTarget section */

/* Begin PBXProject section */
		BC7CBABB254D369E00BDA9B2 /* Project object */ = {
			isa = PBXProject;
			attributes = {
				LastUpgradeCheck = 1150;
				ORGANIZATIONNAME = maji;
				TargetAttributes = {
					BC7CBAC2254D369E00BDA9B2 = {
						CreatedOnToolsVersion = 11.5;
					};
				};
			};
			buildConfigurationList = BC7CBABE254D369E00BDA9B2 /* Build configuration list for PBXProject "MJDemo" */;
			compatibilityVersion = "Xcode 9.3";
			developmentRegion = en;
			hasScannedForEncodings = 0;
			knownRegions = (
				en,
				Base,
			);
			mainGroup = BC7CBABA254D369E00BDA9B2;
			productRefGroup = BC7CBAC4254D369E00BDA9B2 /* Products */;
			projectDirPath = "";
			projectRoot = "";
			targets = (
				BC7CBAC2254D369E00BDA9B2 /* MJDemo */,
			);
		};
/* End PBXProject section */

/* Begin PBXResourcesBuildPhase section */
		BC7CBAC1254D369E00BDA9B2 /* Resources */ = {
			isa = PBXResourcesBuildPhase;
			buildActionMask = 2147483647;
			files = (
				BC7CBAD6254D369F00BDA9B2 /* LaunchScreen.storyboard in Resources */,
				BC7CBAD3254D369F00BDA9B2 /* Assets.xcassets in Resources */,
				BC7CBAD1254D369E00BDA9B2 /* Main.storyboard in Resources */,
			);
			runOnlyForDeploymentPostprocessing = 0;
		};
/* End PBXResourcesBuildPhase section */

/* Begin PBXSourcesBuildPhase section */
		BC7CBABF254D369E00BDA9B2 /* Sources */ = {
			isa = PBXSourcesBuildPhase;
			buildActionMask = 2147483647;
			files = (
				BC7CBACE254D369E00BDA9B2 /* ViewController.m in Sources */,
				BC7CBAC8254D369E00BDA9B2 /* AppDelegate.m in Sources */,
				BC7CBAD9254D369F00BDA9B2 /* main.m in Sources */,
				BC7CBACB254D369E00BDA9B2 /* SceneDelegate.m in Sources */,
				BC7CBAE2254D36DA00BDA9B2 /* MJPersonModel.m in Sources */,
			);
			runOnlyForDeploymentPostprocessing = 0;
		};
/* End PBXSourcesBuildPhase section */

/* Begin PBXVariantGroup section */
		BC7CBACF254D369E00BDA9B2 /* Main.storyboard */ = {
			isa = PBXVariantGroup;
			children = (
				BC7CBAD0254D369E00BDA9B2 /* Base */,
			);
			name = Main.storyboard;
			sourceTree = "<group>";
		};
		BC7CBAD4254D369F00BDA9B2 /* LaunchScreen.storyboard */ = {
			isa = PBXVariantGroup;
			children = (
				BC7CBAD5254D369F00BDA9B2 /* Base */,
			);
			name = LaunchScreen.storyboard;
			sourceTree = "<group>";
		};
/* End PBXVariantGroup section */

/* Begin XCBuildConfiguration section */
		BC7CBADA254D369F00BDA9B2 /* Debug */ = {
			isa = XCBuildConfiguration;
			buildSettings = {
				ALWAYS_SEARCH_USER_PATHS = NO;
				CLANG_ANALYZER_NONNULL = YES;
				CLANG_ANALYZER_NUMBER_OBJECT_CONVERSION = YES_AGGRESSIVE;
				CLANG_CXX_LANGUAGE_STANDARD = "gnu++14";
				CLANG_CXX_LIBRARY = "libc++";
				CLANG_ENABLE_MODULES = YES;
				CLANG_ENABLE_OBJC_ARC = YES;
				CLANG_ENABLE_OBJC_WEAK = YES;
				CLANG_WARN_BLOCK_CAPTURE_AUTORELEASING = YES;
				CLANG_WARN_BOOL_CONVERSION = YES;
				CLANG_WARN_COMMA = YES;
				CLANG_WARN_CONSTANT_CONVERSION = YES;
				CLANG_WARN_DEPRECATED_OBJC_IMPLEMENTATIONS = YES;
				CLANG_WARN_DIRECT_OBJC_ISA_USAGE = YES_ERROR;
				CLANG_WARN_DOCUMENTATION_COMMENTS = YES;
				CLANG_WARN_EMPTY_BODY = YES;
				CLANG_WARN_ENUM_CONVERSION = YES;
				CLANG_WARN_INFINITE_RECURSION = YES;
				CLANG_WARN_INT_CONVERSION = YES;
				CLANG_WARN_NON_LITERAL_NULL_CONVERSION = YES;
				CLANG_WARN_OBJC_IMPLICIT_RETAIN_SELF = YES;
				CLANG_WARN_OBJC_LITERAL_CONVERSION = YES;
				CLANG_WARN_OBJC_ROOT_CLASS = YES_ERROR;
				CLANG_WARN_RANGE_LOOP_ANALYSIS = YES;
				CLANG_WARN_STRICT_PROTOTYPES = YES;
				CLANG_WARN_SUSPICIOUS_MOVE = YES;
				CLANG_WARN_UNGUARDED_AVAILABILITY = YES_AGGRESSIVE;
				CLANG_WARN_UNREACHABLE_CODE = YES;
				CLANG_WARN__DUPLICATE_METHOD_MATCH = YES;
				COPY_PHASE_STRIP = NO;
				DEBUG_INFORMATION_FORMAT = dwarf;
				ENABLE_STRICT_OBJC_MSGSEND = YES;
				ENABLE_TESTABILITY = YES;
				GCC_C_LANGUAGE_STANDARD = gnu11;
				GCC_DYNAMIC_NO_PIC = NO;
				GCC_NO_COMMON_BLOCKS = YES;
				GCC_OPTIMIZATION_LEVEL = 0;
				GCC_PREPROCESSOR_DEFINITIONS = (
					"DEBUG=1",
					"$(inherited)",
				);
				GCC_WARN_64_TO_32_BIT_CONVERSION = YES;
				GCC_WARN_ABOUT_RETURN_TYPE = YES_ERROR;
				GCC_WARN_UNDECLARED_SELECTOR = YES;
				GCC_WARN_UNINITIALIZED_AUTOS = YES_AGGRESSIVE;
				GCC_WARN_UNUSED_FUNCTION = YES;
				GCC_WARN_UNUSED_VARIABLE = YES;
				IPHONEOS_DEPLOYMENT_TARGET = 13.5;
				MTL_ENABLE_DEBUG_INFO = INCLUDE_SOURCE;
				MTL_FAST_MATH = YES;
				ONLY_ACTIVE_ARCH = YES;
				SDKROOT = iphoneos;
			};
			name = Debug;
		};
		BC7CBADB254D369F00BDA9B2 /* Release */ = {
			isa = XCBuildConfiguration;
			buildSettings = {
				ALWAYS_SEARCH_USER_PATHS = NO;
				CLANG_ANALYZER_NONNULL = YES;
				CLANG_ANALYZER_NUMBER_OBJECT_CONVERSION = YES_AGGRESSIVE;
				CLANG_CXX_LANGUAGE_STANDARD = "gnu++14";
				CLANG_CXX_LIBRARY = "libc++";
				CLANG_ENABLE_MODULES = YES;
				CLANG_ENABLE_OBJC_ARC = YES;
				CLANG_ENABLE_OBJC_WEAK = YES;
				CLANG_WARN_BLOCK_CAPTURE_AUTORELEASING = YES;
				CLANG_WARN_BOOL_CONVERSION = YES;
				CLANG_WARN_COMMA = YES;
				CLANG_WARN_CONSTANT_CONVERSION = YES;
				CLANG_WARN_DEPRECATED_OBJC_IMPLEMENTATIONS = YES;
				CLANG_WARN_DIRECT_OBJC_ISA_USAGE = YES_ERROR;
				CLANG_WARN_DOCUMENTATION_COMMENTS = YES;
				CLANG_WARN_EMPTY_BODY = YES;
				CLANG_WARN_ENUM_CONVERSION = YES;
				CLANG_WARN_INFINITE_RECURSION = YES;
				CLANG_WARN_INT_CONVERSION = YES;
				CLANG_WARN_NON_LITERAL_NULL_CONVERSION = YES;
				CLANG_WARN_OBJC_IMPLICIT_RETAIN_SELF = YES;
				CLANG_WARN_OBJC_LITERAL_CONVERSION = YES;
				CLANG_WARN_OBJC_ROOT_CLASS = YES_ERROR;
				CLANG_WARN_RANGE_LOOP_ANALYSIS = YES;
				CLANG_WARN_STRICT_PROTOTYPES = YES;
				CLANG_WARN_SUSPICIOUS_MOVE = YES;
				CLANG_WARN_UNGUARDED_AVAILABILITY = YES_AGGRESSIVE;
				CLANG_WARN_UNREACHABLE_CODE = YES;
				CLANG_WARN__DUPLICATE_METHOD_MATCH = YES;
				COPY_PHASE_STRIP = NO;
				DEBUG_INFORMATION_FORMAT = "dwarf-with-dsym";
				ENABLE_NS_ASSERTIONS = NO;
				ENABLE_STRICT_OBJC_MSGSEND = YES;
				GCC_C_LANGUAGE_STANDARD = gnu11;
				GCC_NO_COMMON_BLOCKS = YES;
				GCC_WARN_64_TO_32_BIT_CONVERSION = YES;
				GCC_WARN_ABOUT_RETURN_TYPE = YES_ERROR;
				GCC_WARN_UNDECLARED_SELECTOR = YES;
				GCC_WARN_UNINITIALIZED_AUTOS = YES_AGGRESSIVE;
				GCC_WARN_UNUSED_FUNCTION = YES;
				GCC_WARN_UNUSED_VARIABLE = YES;
				IPHONEOS_DEPLOYMENT_TARGET = 13.5;
				MTL_ENABLE_DEBUG_INFO = NO;
				MTL_FAST_MATH = YES;
				SDKROOT = iphoneos;
				VALIDATE_PRODUCT = YES;
			};
			name = Release;
		};
		BC7CBADD254D369F00BDA9B2 /* Debug */ = {
			isa = XCBuildConfiguration;
			buildSettings = {
				ASSETCATALOG_COMPILER_APPICON_NAME = AppIcon;
				CODE_SIGN_STYLE = Automatic;
				DEVELOPMENT_TEAM = Q8N9V5TGF2;
				INFOPLIST_FILE = MJDemo/Info.plist;
				IPHONEOS_DEPLOYMENT_TARGET = 9.0;
				LD_RUNPATH_SEARCH_PATHS = (
					"$(inherited)",
					"@executable_path/Frameworks",
				);
				PRODUCT_BUNDLE_IDENTIFIER = com.test.demo.MJDemo;
				PRODUCT_NAME = "$(TARGET_NAME)";
				TARGETED_DEVICE_FAMILY = "1,2";
			};
			name = Debug;
		};
		BC7CBADE254D369F00BDA9B2 /* Release */ = {
			isa = XCBuildConfiguration;
			buildSettings = {
				ASSETCATALOG_COMPILER_APPICON_NAME = AppIcon;
				CODE_SIGN_STYLE = Automatic;
				DEVELOPMENT_TEAM = Q8N9V5TGF2;
				INFOPLIST_FILE = MJDemo/Info.plist;
				IPHONEOS_DEPLOYMENT_TARGET = 9.0;
				LD_RUNPATH_SEARCH_PATHS = (
					"$(inherited)",
					"@executable_path/Frameworks",
				);
				PRODUCT_BUNDLE_IDENTIFIER = com.test.demo.MJDemo;
				PRODUCT_NAME = "$(TARGET_NAME)";
				TARGETED_DEVICE_FAMILY = "1,2";
			};
			name = Release;
		};
/* End XCBuildConfiguration section */

/* Begin XCConfigurationList section */
		BC7CBABE254D369E00BDA9B2 /* Build configuration list for PBXProject "MJDemo" */ = {
			isa = XCConfigurationList;
			buildConfigurations = (
				BC7CBADA254D369F00BDA9B2 /* Debug */,
				BC7CBADB254D369F00BDA9B2 /* Release */,
			);
			defaultConfigurationIsVisible = 0;
			defaultConfigurationName = Release;
		};
		BC7CBADC254D369F00BDA9B2 /* Build configuration list for PBXNativeTarget "MJDemo" */ = {
			isa = XCConfigurationList;
			buildConfigurations = (
				BC7CBADD254D369F00BDA9B2 /* Debug */,
				BC7CBADE254D369F00BDA9B2 /* Release */,
			);
			defaultConfigurationIsVisible = 0;
			defaultConfigurationName = Release;
		};
/* End XCConfigurationList section */
	};
	rootObject = BC7CBABB254D369E00BDA9B2 /* Project object */;
}
